
Microsoft Visual Studio Solution File, Format Version 12.00
# Visual Studio 15
VisualStudioVersion = 15.0.28010.2050
MinimumVisualStudioVersion = 10.0.40219.1
Project("{9A19103F-16F7-4668-BE54-9A1E7A4F7556}") = "daysdifference", "daysdifference.csproj", "{46AB9098-64EF-40C2-8579-0584FFD2D542}"
EndProject
Global
	GlobalSection(SolutionConfigurationPlatforms) = preSolution
		Debug|Any CPU = Debug|Any CPU
		Release|Any CPU = Release|Any CPU
	EndGlobalSection
	GlobalSection(ProjectConfigurationPlatforms) = postSolution
		{46AB9098-64EF-40C2-8579-0584FFD2D542}.Debug|Any CPU.ActiveCfg = Debug|Any CPU
		{46AB9098-64EF-40C2-8579-0584FFD2D542}.Debug|Any CPU.Build.0 = Debug|Any CPU
		{46AB9098-64EF-40C2-8579-0584FFD2D542}.Release|Any CPU.ActiveCfg = Release|Any CPU
		{46AB9098-64EF-40C2-8579-0584FFD2D542}.Release|Any CPU.Build.0 = Release|Any CPU
	EndGlobalSection
	GlobalSection(SolutionProperties) = preSolution
		HideSolutionNode = FALSE
	EndGlobalSection
	GlobalSection(ExtensibilityGlobals) = postSolution
		SolutionGuid = {265BD10F-7842-42BB-9D09-34676C5E1993}
	EndGlobalSection
EndGlobal
